github.com/go-sql-driver/mysql v1.6.0 h1:BCTh4TKNUYmOmMUcQ3IipzF5prigylS7XXjEkfCHuOE=
github.com/go-sql-driver/mysql v1.6.0/go.mod h1:DCzpHaOWr8IXmIStZouvnhqoel9Qv2LBy8hT2VhHyBg=
github.com/go-telegram-bot-api/telegram-bot-api/v5 v5.0.2-0.20210820200834-309d612d7095 h1:oIT1xkRYsax2LkiKiq2Z6SvgAYEdEx4gqMmDaDNaUrg=
github.com/go-telegram-bot-api/telegram-bot-api/v5 v5.0.2-0.20210820200834-309d612d7095/go.mod h1:5+h9c5l1Z/+Pi+5boa1Fmr4Q+FImsXYnifor92ljaVs=
